
Microsoft Visual Studio Solution File, Format Version 12.00
# Visual Studio Version 16
VisualStudioVersion = 16.0.810.2
MinimumVisualStudioVersion = 10.0.40219.1
Project("{FAE04EC0-301F-11D3-BF4B-00C04F79EFBC}") = "MethodOverloadingExercise", "MethodOverloadingExercise\MethodOverloadingExercise.csproj", "{24027A63-7B89-491F-BF08-AFA013A2977C}"
EndProject
Global
	GlobalSection(SolutionConfigurationPlatforms) = preSolution
		Debug|Any CPU = Debug|Any CPU
		Release|Any CPU = Release|Any CPU
	EndGlobalSection
	GlobalSection(ProjectConfigurationPlatforms) = postSolution
		{24027A63-7B89-491F-BF08-AFA013A2977C}.Debug|Any CPU.ActiveCfg = Debug|Any CPU
		{24027A63-7B89-491F-BF08-AFA013A2977C}.Debug|Any CPU.Build.0 = Debug|Any CPU
		{24027A63-7B89-491F-BF08-AFA013A2977C}.Release|Any CPU.ActiveCfg = Release|Any CPU
		{24027A63-7B89-491F-BF08-AFA013A2977C}.Release|Any CPU.Build.0 = Release|Any CPU
	EndGlobalSection
	GlobalSection(SolutionProperties) = preSolution
		HideSolutionNode = FALSE
	EndGlobalSection
	GlobalSection(ExtensibilityGlobals) = postSolution
		SolutionGuid = {AA346F11-E53F-4FF5-BEAB-2EEC7523E6E9}
	EndGlobalSection
EndGlobal
